{
    "_meta": {
        "hash": {
            "sha256": "41cc1335122f199686374fcb53376d1ccb08c4e02b515871c5f0f331354ded12"
        },
        "pipfile-spec": 6,
        "requires": {
            "python_version": "3.9"
        },
        "sources": [
            {
                "name": "pypi",
                "url": "https://pypi.org/simple",
                "verify_ssl": true
            }
        ]
    },
    "default": {
        "capstone": {
            "hashes": [
                "sha256:0d65ffe8620920976ceadedc769f22318f6f150a592368d8a735612367ac8a1a",
                "sha256:2842913092c9b69fd903744bc1b87488e1451625460baac173056e1808ec1c66",
                "sha256:9d1a9096c5f875b11290317722ed44bb6e7c52e50cc79d791f142bce968c49aa",
                "sha256:c3d9b443d1adb40ee2d9a4e7341169b76476ddcf3a54c03793b16cdc7cd35c5a",
                "sha256:da442f979414cf27e4621e70e835880878c858ea438c4f0e957e132593579e37"
            ],
            "markers": "python_version >= '2.7' and python_version not in '3.0, 3.1, 3.2, 3.3'",
            "version": "==4.0.2"
        },
        "more-itertools": {
            "hashes": [
                "sha256:43e6dd9942dffd72661a2c4ef383ad7da1e6a3e968a927ad7a6083ab410a688b",
                "sha256:7dc6ad46f05f545f900dd59e8dfb4e84a4827b97b3cfecb175ea0c7d247f6064"
            ],
            "markers": "python_version >= '3.5'",
            "version": "==8.12.0"
        },
        "strongarm-dataflow": {
            "hashes": [
                "sha256:0909bd2bced2d8fd8372f2596c44cc188a96d262456492ebeed00546016e227a",
                "sha256:25b6b0e8408eb91382fb51adac8c441473ecb1e8d3392f7a60499acca1bdbc44",
                "sha256:35dc0e1bcbc2e4186d72c76a98bac103dc1fbc32e3807660499e1a4bc7cca58e",
                "sha256:6e10a10606676074e5bfff7186dfffc8b5e0c0a6cafb1e996089ffccf2611f94",
                "sha256:abc397ec941ec29f205609176e396ee3f7546d8439f9b3e1d5969f96a61c7481",
                "sha256:b0c0eca7ef25760d25cdda393d2f6a7e0e6ed99255a5795627d7443d55b30e2b",
                "sha256:e3ac53e30bb08f49227ae1091968d1b7af1cd8f4524131a24f0940a849ec6749",
                "sha256:eb899dd60cc72c64e922b55722bfc4ac3aacf715c6807232d30783b4034eab76"
            ],
            "version": "==2.1.6"
        },
        "strongarm-ios": {
            "hashes": [
                "sha256:da9ce795b2640fce2174266985693f1001ff59b94a765d5e845c13470fac6b8f"
            ],
            "index": "pypi",
            "version": "==13.0.4"
        },
        "unix-ar": {
            "hashes": [
                "sha256:2acb718bc1308bf80e5b9da2614d8242cc2fe3be4cd8b2fd4719bce189aafcf1",
                "sha256:bf9328ec70fa3a82f94dc26dc125264dbf62a2d8ffb1a3c8c8a8230175e72c4e"
            ],
            "index": "pypi",
            "version": "==0.2.1"
        }
    },
    "develop": {
        "attrs": {
            "hashes": [
                "sha256:2d27e3784d7a565d36ab851fe94887c5eccd6a463168875832a1be79c82828b4",
                "sha256:626ba8234211db98e869df76230a137c4c40a12d72445c45d5f5b716f076e2fd"
            ],
            "markers": "python_version >= '2.7' and python_version not in '3.0, 3.1, 3.2, 3.3, 3.4'",
            "version": "==21.4.0"
        },
        "flake8": {
            "hashes": [
                "sha256:479b1304f72536a55948cb40a32dce8bb0ffe3501e26eaf292c7e60eb5e0428d",
                "sha256:806e034dda44114815e23c16ef92f95c91e4c71100ff52813adf7132a6ad870d"
            ],
            "index": "pypi",
            "version": "==4.0.1"
        },
        "iniconfig": {
            "hashes": [
                "sha256:011e24c64b7f47f6ebd835bb12a743f2fbe9a26d4cecaa7f53bc4f35ee9da8b3",
                "sha256:bc3af051d7d14b2ee5ef9969666def0cd1a000e121eaea580d4a313df4b37f32"
            ],
            "version": "==1.1.1"
        },
        "mccabe": {
            "hashes": [
                "sha256:ab8a6258860da4b6677da4bd2fe5dc2c659cff31b3ee4f7f5d64e79735b80d42",
                "sha256:dd8d182285a0fe56bace7f45b5e7d1a6ebcbf524e8f3bd87eb0f125271b8831f"
            ],
            "version": "==0.6.1"
        },
        "mypy": {
            "hashes": [
                "sha256:0e2dd88410937423fba18e57147dd07cd8381291b93d5b1984626f173a26543e",
                "sha256:10daab80bc40f84e3f087d896cdb53dc811a9f04eae4b3f95779c26edee89d16",
                "sha256:17e44649fec92e9f82102b48a3bf7b4a5510ad0cd22fa21a104826b5db4903e2",
                "sha256:1a0459c333f00e6a11cbf6b468b870c2b99a906cb72d6eadf3d1d95d38c9352c",
                "sha256:246e1aa127d5b78488a4a0594bd95f6d6fb9d63cf08a66dafbff8595d8891f67",
                "sha256:2b184db8c618c43c3a31b32ff00cd28195d39e9c24e7c3b401f3db7f6e5767f5",
                "sha256:2bc249409a7168d37c658e062e1ab5173300984a2dada2589638568ddc1db02b",
                "sha256:3841b5433ff936bff2f4dc8d54cf2cdbfea5d8e88cedfac45c161368e5770ba6",
                "sha256:4c3e497588afccfa4334a9986b56f703e75793133c4be3a02d06a3df16b67a58",
                "sha256:5bf44840fb43ac4074636fd47ee476d73f0039f4f54e86d7265077dc199be24d",
                "sha256:64235137edc16bee6f095aba73be5334677d6f6bdb7fa03cfab90164fa294a17",
                "sha256:6776e5fa22381cc761df53e7496a805801c1a751b27b99a9ff2f0ca848c7eca0",
                "sha256:6ce34a118d1a898f47def970a2042b8af6bdcc01546454726c7dd2171aa6dfca",
                "sha256:6f6ad963172152e112b87cc7ec103ba0f2db2f1cd8997237827c052a3903eaa6",
                "sha256:6f7106cbf9cc2f403693bf50ed7c9fa5bb3dfa9007b240db3c910929abe2a322",
                "sha256:7742d2c4e46bb5017b51c810283a6a389296cda03df805a4f7869a6f41246534",
                "sha256:9521c1265ccaaa1791d2c13582f06facf815f426cd8b07c3a485f486a8ffc1f3",
                "sha256:a1b383fe99678d7402754fe90448d4037f9512ce70c21f8aee3b8bf48ffc51db",
                "sha256:b840cfe89c4ab6386c40300689cd8645fc8d2d5f20101c7f8bd23d15fca14904",
                "sha256:d8d3ba77e56b84cd47a8ee45b62c84b6d80d32383928fe2548c9a124ea0a725c",
                "sha256:dcd955f36e0180258a96f880348fbca54ce092b40fbb4b37372ae3b25a0b0a46",
                "sha256:e865fec858d75b78b4d63266c9aff770ecb6a39dfb6d6b56c47f7f8aba6baba8",
                "sha256:edf7237137a1a9330046dbb14796963d734dd740a98d5e144a3eb1d267f5f9ee"
            ],
            "index": "pypi",
            "version": "==0.942"
        },
        "mypy-extensions": {
            "hashes": [
                "sha256:090fedd75945a69ae91ce1303b5824f428daf5a028d2f6ab8a299250a846f15d",
                "sha256:2d82818f5bb3e369420cb3c4060a7970edba416647068eb4c5343488a6c604a8"
            ],
            "version": "==0.4.3"
        },
        "packaging": {
            "hashes": [
                "sha256:dd47c42927d89ab911e606518907cc2d3a1f38bbd026385970643f9c5b8ecfeb",
                "sha256:ef103e05f519cdc783ae24ea4e2e0f508a9c99b2d4969652eed6a2e1ea5bd522"
            ],
            "markers": "python_version >= '3.6'",
            "version": "==21.3"
        },
        "pluggy": {
            "hashes": [
                "sha256:4224373bacce55f955a878bf9cfa763c1e360858e330072059e10bad68531159",
                "sha256:74134bbf457f031a36d68416e1509f34bd5ccc019f0bcc952c7b909d06b37bd3"
            ],
            "markers": "python_version >= '3.6'",
            "version": "==1.0.0"
        },
        "py": {
            "hashes": [
                "sha256:51c75c4126074b472f746a24399ad32f6053d1b34b68d2fa41e558e6f4a98719",
                "sha256:607c53218732647dff4acdfcd50cb62615cedf612e72d1724fb1a0cc6405b378"
            ],
            "markers": "python_version >= '2.7' and python_version not in '3.0, 3.1, 3.2, 3.3, 3.4'",
            "version": "==1.11.0"
        },
        "pycodestyle": {
            "hashes": [
                "sha256:720f8b39dde8b293825e7ff02c475f3077124006db4f440dcbc9a20b76548a20",
                "sha256:eddd5847ef438ea1c7870ca7eb78a9d47ce0cdb4851a5523949f2601d0cbbe7f"
            ],
            "markers": "python_version >= '2.7' and python_version not in '3.0, 3.1, 3.2, 3.3, 3.4'",
            "version": "==2.8.0"
        },
        "pyflakes": {
            "hashes": [
                "sha256:05a85c2872edf37a4ed30b0cce2f6093e1d0581f8c19d7393122da7e25b2b24c",
                "sha256:3bb3a3f256f4b7968c9c788781e4ff07dce46bdf12339dcda61053375426ee2e"
            ],
            "markers": "python_version >= '2.7' and python_version not in '3.0, 3.1, 3.2, 3.3'",
            "version": "==2.4.0"
        },
        "pyparsing": {
            "hashes": [
                "sha256:18ee9022775d270c55187733956460083db60b37d0d0fb357445f3094eed3eea",
                "sha256:a6c06a88f252e6c322f65faf8f418b16213b51bdfaece0524c1c1bc30c63c484"
            ],
            "markers": "python_version >= '3.6'",
            "version": "==3.0.7"
        },
        "pytest": {
            "hashes": [
                "sha256:841132caef6b1ad17a9afde46dc4f6cfa59a05f9555aae5151f73bdf2820ca63",
                "sha256:92f723789a8fdd7180b6b06483874feca4c48a5c76968e03bb3e7f806a1869ea"
            ],
            "index": "pypi",
            "version": "==7.1.1"
        },
        "tomli": {
            "hashes": [
                "sha256:939de3e7a6161af0c887ef91b7d41a53e7c5a1ca976325f429cb46ea9bc30ecc",
                "sha256:de526c12914f0c550d15924c62d72abc48d6fe7364aa87328337a31007fe8a4f"
            ],
            "markers": "python_version >= '3.7'",
            "version": "==2.0.1"
        },
        "typing-extensions": {
            "hashes": [
                "sha256:1a9462dcc3347a79b1f1c0271fbe79e844580bb598bafa1ed208b94da3cdcd42",
                "sha256:21c85e0fe4b9a155d0799430b0ad741cdce7e359660ccbd8b530613e8df88ce2"
            ],
            "markers": "python_version >= '3.6'",
            "version": "==4.1.1"
        }
    }
}
